
Microsoft Visual Studio Solution File, Format Version 12.00
# Visual Studio Version 17
VisualStudioVersion = 17.2.32516.85
MinimumVisualStudioVersion = 10.0.40219.1
Project("{FAE04EC0-301F-11D3-BF4B-00C04F79EFBC}") = "Bookstore", "Bookstore.csproj", "{A8D45EB8-5E4F-454A-B380-1A607B556F0C}"
EndProject
Global
	GlobalSection(SolutionConfigurationPlatforms) = preSolution
		Debug|Any CPU = Debug|Any CPU
		Release|Any CPU = Release|Any CPU
	EndGlobalSection
	GlobalSection(ProjectConfigurationPlatforms) = postSolution
		{A8D45EB8-5E4F-454A-B380-1A607B556F0C}.Debug|Any CPU.ActiveCfg = Debug|Any CPU
		{A8D45EB8-5E4F-454A-B380-1A607B556F0C}.Debug|Any CPU.Build.0 = Debug|Any CPU
		{A8D45EB8-5E4F-454A-B380-1A607B556F0C}.Release|Any CPU.ActiveCfg = Release|Any CPU
		{A8D45EB8-5E4F-454A-B380-1A607B556F0C}.Release|Any CPU.Build.0 = Release|Any CPU
	EndGlobalSection
	GlobalSection(SolutionProperties) = preSolution
		HideSolutionNode = FALSE
	EndGlobalSection
	GlobalSection(ExtensibilityGlobals) = postSolution
		SolutionGuid = {396BECC3-AEB8-47DA-AA74-320C342476F9}
	EndGlobalSection
EndGlobal
